<?xml version="1.0" encoding="utf-8"?>
<Project ToolsVersion="4.0" xmlns="http://schemas.microsoft.com/developer/msbuild/2003">
  <ItemGroup>
    <Filter Include="Classes">
      <UniqueIdentifier>{F3F6462C-5FD6-C5C7-68EE-509ED44C2C29}</UniqueIdentifier>
    </Filter>
    <Filter Include="Classes\Actions">
      <UniqueIdentifier>{9307F913-FF92-66D8-08A4-E9CC74AEC2D8}</UniqueIdentifier>
    </Filter>
    <Filter Include="Classes\Entity">
      <UniqueIdentifier>{DF538031-CB21-7437-B4B5-E45DA022509C}</UniqueIdentifier>
    </Filter>
    <Filter Include="Classes\Entity\Character">
      <UniqueIdentifier>{7B5417BD-6779-663D-90C4-4BCD7C48655B}</UniqueIdentifier>
    </Filter>
    <Filter Include="Classes\Entity\Pnj">
      <UniqueIdentifier>{165450DF-0238-1135-6B98-0B88579BFBB6}</UniqueIdentifier>
    </Filter>
    <Filter Include="Classes\Files">
      <UniqueIdentifier>{B5B67FC3-2177-FBF9-EAB1-4477563140D6}</UniqueIdentifier>
    </Filter>
    <Filter Include="Classes\Graph">
      <UniqueIdentifier>{349196C3-A051-12FA-698C-5B77D50B57D6}</UniqueIdentifier>
    </Filter>
    <Filter Include="Classes\HUD">
      <UniqueIdentifier>{C33B1A54-2FF1-9249-B8E5-8C20249A894D}</UniqueIdentifier>
    </Filter>
    <Filter Include="Classes\Level">
      <UniqueIdentifier>{BA42EAC3-2603-66FA-EF3D-AF775BBDAAD6}</UniqueIdentifier>
    </Filter>
    <Filter Include="Classes\Manager">
      <UniqueIdentifier>{1D7698AA-8901-066F-9212-8963FE1C626F}</UniqueIdentifier>
    </Filter>
    <Filter Include="Classes\Manager\Action">
      <UniqueIdentifier>{0A2FFEAB-F628-27FE-DF95-BD0ECB2E8D6A}</UniqueIdentifier>
    </Filter>
    <Filter Include="Classes\Manager\Entity">
      <UniqueIdentifier>{C9DF19B6-B5D9-4208-9E46-D9188ADFA874}</UniqueIdentifier>
    </Filter>
    <Filter Include="Classes\Manager\Event">
      <UniqueIdentifier>{2E59B7BF-9AC5-72BA-63B9-0A18CFE49422}</UniqueIdentifier>
    </Filter>
    <Filter Include="Classes\Manager\File">
      <UniqueIdentifier>{6C7F7291-580E-FC5A-012D-1056ED9A0C01}</UniqueIdentifier>
    </Filter>
    <Filter Include="Classes\Manager\Game">
      <UniqueIdentifier>{E6E97291-D278-FC5A-7B97-105667050D01}</UniqueIdentifier>
    </Filter>
    <Filter Include="Classes\Manager\Input">
      <UniqueIdentifier>{DC87FBBF-48F4-B6BA-11E8-4E187D13D922}</UniqueIdentifier>
    </Filter>
    <Filter Include="Classes\Manager\Item">
      <UniqueIdentifier>{7B527491-67E1-FD5A-1000-1256FC6D0E01}</UniqueIdentifier>
    </Filter>
    <Filter Include="Classes\Manager\Level">
      <UniqueIdentifier>{64F92CC0-D065-E8BA-9959-801805850A23}</UniqueIdentifier>
    </Filter>
    <Filter Include="Classes\Manager\Loading">
      <UniqueIdentifier>{8AEB2795-F622-702C-FF2C-D44F6BE39625}</UniqueIdentifier>
    </Filter>
    <Filter Include="Classes\Manager\Persistent">
      <UniqueIdentifier>{BD9BA90F-A9AB-55E0-1265-BAFEFE934479}</UniqueIdentifier>
    </Filter>
    <Filter Include="Classes\Manager\Physic">
      <UniqueIdentifier>{9CF258CF-88EC-8121-7159-18325DF2E78D}</UniqueIdentifier>
    </Filter>
    <Filter Include="Classes\Manager\Render">
      <UniqueIdentifier>{ECB1C6D3-D8AB-EF25-C118-8636ADB15592}</UniqueIdentifier>
    </Filter>
    <Filter Include="Classes\Manager\Sound">
      <UniqueIdentifier>{951DB1C0-018A-6CBB-CA7D-041936A98E23}</UniqueIdentifier>
    </Filter>
    <Filter Include="Classes\Manager\Time">
      <UniqueIdentifier>{DB2C7A91-C7BB-035B-70DA-17565C481401}</UniqueIdentifier>
    </Filter>
    <Filter Include="Classes\Resources">
      <UniqueIdentifier>{1DA8934C-89BE-91E2-D235-1D043E8B626A}</UniqueIdentifier>
    </Filter>
    <Filter Include="Classes\Sound">
      <UniqueIdentifier>{EB666EC4-5727-EAFA-2062-33788CE12ED7}</UniqueIdentifier>
    </Filter>
    <Filter Include="Classes\Thread">
      <UniqueIdentifier>{FAF50F54-E6C3-035A-CF57-7480BBC4DFBE}</UniqueIdentifier>
    </Filter>
    <Filter Include="Classes\Utils">
      <UniqueIdentifier>{932295C4-FFE2-10FB-C81D-5A78349D55D7}</UniqueIdentifier>
    </Filter>
    <Filter Include="Classes\Utils\ImGui">
      <UniqueIdentifier>{FDF91F03-695B-FD10-F2C8-43C35E2934D0}</UniqueIdentifier>
    </Filter>
    <Filter Include="Project">
      <UniqueIdentifier>{5C2CF323-C80B-72BF-D123-FD953D82D820}</UniqueIdentifier>
    </Filter>
    <Filter Include="Project\VisualStudio2015">
      <UniqueIdentifier>{3F107122-2B35-C0A2-5480-A5324004BFC0}</UniqueIdentifier>
    </Filter>
  </ItemGroup>
  <ItemGroup>
    <ClInclude Include="..\..\Classes\Actions\Command.h">
      <Filter>Classes\Actions</Filter>
    </ClInclude>
    <ClInclude Include="..\..\Classes\Actions\CommandAttack.h">
      <Filter>Classes\Actions</Filter>
    </ClInclude>
    <ClInclude Include="..\..\Classes\Actions\CommandClean.h">
      <Filter>Classes\Actions</Filter>
    </ClInclude>
    <ClInclude Include="..\..\Classes\Actions\CommandInput.h">
      <Filter>Classes\Actions</Filter>
    </ClInclude>
    <ClInclude Include="..\..\Classes\Actions\CommandJump.h">
      <Filter>Classes\Actions</Filter>
    </ClInclude>
    <ClInclude Include="..\..\Classes\Actions\CommandMove.h">
      <Filter>Classes\Actions</Filter>
    </ClInclude>
    <ClInclude Include="..\..\Classes\Actions\CommandPickUp.h">
      <Filter>Classes\Actions</Filter>
    </ClInclude>
    <ClInclude Include="..\..\Classes\Actions\CommandSound.h">
      <Filter>Classes\Actions</Filter>
    </ClInclude>
    <ClInclude Include="..\..\Classes\Entity\Character\Character.h">
      <Filter>Classes\Entity\Character</Filter>
    </ClInclude>
    <ClInclude Include="..\..\Classes\Entity\Entity.h">
      <Filter>Classes\Entity</Filter>
    </ClInclude>
    <ClInclude Include="..\..\Classes\Entity\EntityPool.h">
      <Filter>Classes\Entity</Filter>
    </ClInclude>
    <ClInclude Include="..\..\Classes\Entity\Pnj\Pnj.h">
      <Filter>Classes\Entity\Pnj</Filter>
    </ClInclude>
    <ClInclude Include="..\..\Classes\EtherealEngineManagers.h">
      <Filter>Classes</Filter>
    </ClInclude>
    <ClInclude Include="..\..\Classes\Files\Reader.h">
      <Filter>Classes\Files</Filter>
    </ClInclude>
    <ClInclude Include="..\..\Classes\Graph\AStarHeuristicPolicies.h">
      <Filter>Classes\Graph</Filter>
    </ClInclude>
    <ClInclude Include="..\..\Classes\Graph\GraphAlgorithms.h">
      <Filter>Classes\Graph</Filter>
    </ClInclude>
    <ClInclude Include="..\..\Classes\Graph\GraphEdgeTypes.h">
      <Filter>Classes\Graph</Filter>
    </ClInclude>
    <ClInclude Include="..\..\Classes\Graph\GraphNodeTypes.h">
      <Filter>Classes\Graph</Filter>
    </ClInclude>
    <ClInclude Include="..\..\Classes\Graph\HandyGraphFunctions.h">
      <Filter>Classes\Graph</Filter>
    </ClInclude>
    <ClInclude Include="..\..\Classes\Graph\NodeTypeEnumerations.h">
      <Filter>Classes\Graph</Filter>
    </ClInclude>
    <ClInclude Include="..\..\Classes\Graph\SparseGraph.h">
      <Filter>Classes\Graph</Filter>
    </ClInclude>
    <ClInclude Include="..\..\Classes\HUD\Menu.h">
      <Filter>Classes\HUD</Filter>
    </ClInclude>
    <ClInclude Include="..\..\Classes\Level\Level.h">
      <Filter>Classes\Level</Filter>
    </ClInclude>
    <ClInclude Include="..\..\Classes\Level\Quadtree.h">
      <Filter>Classes\Level</Filter>
    </ClInclude>
    <ClInclude Include="..\..\Classes\Manager\Action\CommandMgr.h">
      <Filter>Classes\Manager\Action</Filter>
    </ClInclude>
    <ClInclude Include="..\..\Classes\Manager\Entity\EntityMgr.h">
      <Filter>Classes\Manager\Entity</Filter>
    </ClInclude>
    <ClInclude Include="..\..\Classes\Manager\Event\EventMgr.h">
      <Filter>Classes\Manager\Event</Filter>
    </ClInclude>
    <ClInclude Include="..\..\Classes\Manager\File\FileMgr.h">
      <Filter>Classes\Manager\File</Filter>
    </ClInclude>
    <ClInclude Include="..\..\Classes\Manager\Game\GameMgr.h">
      <Filter>Classes\Manager\Game</Filter>
    </ClInclude>
    <ClInclude Include="..\..\Classes\Manager\Input\InputMgr.h">
      <Filter>Classes\Manager\Input</Filter>
    </ClInclude>
    <ClInclude Include="..\..\Classes\Manager\Item\ItemMgr.h">
      <Filter>Classes\Manager\Item</Filter>
    </ClInclude>
    <ClInclude Include="..\..\Classes\Manager\Level\LevelMgr.h">
      <Filter>Classes\Manager\Level</Filter>
    </ClInclude>
    <ClInclude Include="..\..\Classes\Manager\Loading\LoadingMgr.h">
      <Filter>Classes\Manager\Loading</Filter>
    </ClInclude>
    <ClInclude Include="..\..\Classes\Manager\Manager.h">
      <Filter>Classes\Manager</Filter>
    </ClInclude>
    <ClInclude Include="..\..\Classes\Manager\Persistent\PersistentMgr.h">
      <Filter>Classes\Manager\Persistent</Filter>
    </ClInclude>
    <ClInclude Include="..\..\Classes\Manager\Physic\PhysicMgr.h">
      <Filter>Classes\Manager\Physic</Filter>
    </ClInclude>
    <ClInclude Include="..\..\Classes\Manager\Render\GuiMgr.h">
      <Filter>Classes\Manager\Render</Filter>
    </ClInclude>
    <ClInclude Include="..\..\Classes\Manager\Render\RenderMgr.h">
      <Filter>Classes\Manager\Render</Filter>
    </ClInclude>
    <ClInclude Include="..\..\Classes\Manager\Sound\SoundMgr.h">
      <Filter>Classes\Manager\Sound</Filter>
    </ClInclude>
    <ClInclude Include="..\..\Classes\Manager\Time\TimeMgr.h">
      <Filter>Classes\Manager\Time</Filter>
    </ClInclude>
    <ClInclude Include="..\..\Classes\Resources\Resources.h">
      <Filter>Classes\Resources</Filter>
    </ClInclude>
    <ClInclude Include="..\..\Classes\Sound\MusicComponent.h">
      <Filter>Classes\Sound</Filter>
    </ClInclude>
    <ClInclude Include="..\..\Classes\Sound\MusicComponentPool.h">
      <Filter>Classes\Sound</Filter>
    </ClInclude>
    <ClInclude Include="..\..\Classes\Sound\SoundComponent.h">
      <Filter>Classes\Sound</Filter>
    </ClInclude>
    <ClInclude Include="..\..\Classes\Sound\SoundComponentPool.h">
      <Filter>Classes\Sound</Filter>
    </ClInclude>
    <ClInclude Include="..\..\Classes\Thread\LoadingThread.h">
      <Filter>Classes\Thread</Filter>
    </ClInclude>
    <ClInclude Include="..\..\Classes\Thread\SaveThread.h">
      <Filter>Classes\Thread</Filter>
    </ClInclude>
    <ClInclude Include="..\..\Classes\Thread\Thread.h">
      <Filter>Classes\Thread</Filter>
    </ClInclude>
    <ClInclude Include="..\..\Classes\Utils\HashUtils.h">
      <Filter>Classes\Utils</Filter>
    </ClInclude>
    <ClInclude Include="..\..\Classes\Utils\ImGui\imconfig-SFML.h">
      <Filter>Classes\Utils\ImGui</Filter>
    </ClInclude>
    <ClInclude Include="..\..\Classes\Utils\ImGui\imconfig.h">
      <Filter>Classes\Utils\ImGui</Filter>
    </ClInclude>
    <ClInclude Include="..\..\Classes\Utils\ImGui\imgui-SFML.h">
      <Filter>Classes\Utils\ImGui</Filter>
    </ClInclude>
    <ClInclude Include="..\..\Classes\Utils\ImGui\imgui.h">
      <Filter>Classes\Utils\ImGui</Filter>
    </ClInclude>
    <ClInclude Include="..\..\Classes\Utils\ImGui\imgui_internal.h">
      <Filter>Classes\Utils\ImGui</Filter>
    </ClInclude>
    <ClInclude Include="..\..\Classes\Utils\ImGui\stb_rect_pack.h">
      <Filter>Classes\Utils\ImGui</Filter>
    </ClInclude>
    <ClInclude Include="..\..\Classes\Utils\ImGui\stb_textedit.h">
      <Filter>Classes\Utils\ImGui</Filter>
    </ClInclude>
    <ClInclude Include="..\..\Classes\Utils\ImGui\stb_truetype.h">
      <Filter>Classes\Utils\ImGui</Filter>
    </ClInclude>
    <ClInclude Include="..\..\Classes\Utils\Random.h">
      <Filter>Classes\Utils</Filter>
    </ClInclude>
    <ClInclude Include="..\..\Classes\Utils\Vector2.h">
      <Filter>Classes\Utils</Filter>
    </ClInclude>
    <ClInclude Include="..\..\Classes\Utils\VectorUtils.h">
      <Filter>Classes\Utils</Filter>
    </ClInclude>
    <ClInclude Include="..\..\Classes\Utils\containerUtils.h">
      <Filter>Classes\Utils</Filter>
    </ClInclude>
    <ClInclude Include="..\..\Classes\Utils\jsonUtils.h">
      <Filter>Classes\Utils</Filter>
    </ClInclude>
    <ClInclude Include="..\..\Classes\Utils\wcharUtils.h">
      <Filter>Classes\Utils</Filter>
    </ClInclude>
    <ClInclude Include="stdafx.h">
      <Filter>Project\VisualStudio2015</Filter>
    </ClInclude>
  </ItemGroup>
  <ItemGroup>
    <ClCompile Include="..\..\Classes\Actions\Command.cpp">
      <Filter>Classes\Actions</Filter>
    </ClCompile>
    <ClCompile Include="..\..\Classes\Actions\CommandAttack.cpp">
      <Filter>Classes\Actions</Filter>
    </ClCompile>
    <ClCompile Include="..\..\Classes\Actions\CommandClean.cpp">
      <Filter>Classes\Actions</Filter>
    </ClCompile>
    <ClCompile Include="..\..\Classes\Actions\CommandInput.cpp">
      <Filter>Classes\Actions</Filter>
    </ClCompile>
    <ClCompile Include="..\..\Classes\Actions\CommandJump.cpp">
      <Filter>Classes\Actions</Filter>
    </ClCompile>
    <ClCompile Include="..\..\Classes\Actions\CommandMove.cpp">
      <Filter>Classes\Actions</Filter>
    </ClCompile>
    <ClCompile Include="..\..\Classes\Actions\CommandPickUp.cpp">
      <Filter>Classes\Actions</Filter>
    </ClCompile>
    <ClCompile Include="..\..\Classes\Actions\CommandSound.cpp">
      <Filter>Classes\Actions</Filter>
    </ClCompile>
    <ClCompile Include="..\..\Classes\Entity\Character\Character.cpp">
      <Filter>Classes\Entity\Character</Filter>
    </ClCompile>
    <ClCompile Include="..\..\Classes\Entity\Entity.cpp">
      <Filter>Classes\Entity</Filter>
    </ClCompile>
    <ClCompile Include="..\..\Classes\Entity\EntityPool.cpp">
      <Filter>Classes\Entity</Filter>
    </ClCompile>
    <ClCompile Include="..\..\Classes\Entity\Pnj\Pnj.cpp">
      <Filter>Classes\Entity\Pnj</Filter>
    </ClCompile>
    <ClCompile Include="..\..\Classes\EtherealEngineManagers.cpp">
      <Filter>Classes</Filter>
    </ClCompile>
    <ClCompile Include="..\..\Classes\Files\Reader.cpp">
      <Filter>Classes\Files</Filter>
    </ClCompile>
    <ClCompile Include="..\..\Classes\HUD\Menu.cpp">
      <Filter>Classes\HUD</Filter>
    </ClCompile>
    <ClCompile Include="..\..\Classes\Level\Level.cpp">
      <Filter>Classes\Level</Filter>
    </ClCompile>
    <ClCompile Include="..\..\Classes\Level\Quadtree.cpp">
      <Filter>Classes\Level</Filter>
    </ClCompile>
    <ClCompile Include="..\..\Classes\Manager\Action\CommandMgr.cpp">
      <Filter>Classes\Manager\Action</Filter>
    </ClCompile>
    <ClCompile Include="..\..\Classes\Manager\Entity\EntityMgr.cpp">
      <Filter>Classes\Manager\Entity</Filter>
    </ClCompile>
    <ClCompile Include="..\..\Classes\Manager\Event\EventMgr.cpp">
      <Filter>Classes\Manager\Event</Filter>
    </ClCompile>
    <ClCompile Include="..\..\Classes\Manager\File\FileMgr.cpp">
      <Filter>Classes\Manager\File</Filter>
    </ClCompile>
    <ClCompile Include="..\..\Classes\Manager\Game\GameMgr.cpp">
      <Filter>Classes\Manager\Game</Filter>
    </ClCompile>
    <ClCompile Include="..\..\Classes\Manager\Input\InputMgr.cpp">
      <Filter>Classes\Manager\Input</Filter>
    </ClCompile>
    <ClCompile Include="..\..\Classes\Manager\Item\ItemMgr.cpp">
      <Filter>Classes\Manager\Item</Filter>
    </ClCompile>
    <ClCompile Include="..\..\Classes\Manager\Level\LevelMgr.cpp">
      <Filter>Classes\Manager\Level</Filter>
    </ClCompile>
    <ClCompile Include="..\..\Classes\Manager\Loading\LoadingMgr.cpp">
      <Filter>Classes\Manager\Loading</Filter>
    </ClCompile>
    <ClCompile Include="..\..\Classes\Manager\Manager.cpp">
      <Filter>Classes\Manager</Filter>
    </ClCompile>
    <ClCompile Include="..\..\Classes\Manager\Persistent\PersistentMgr.cpp">
      <Filter>Classes\Manager\Persistent</Filter>
    </ClCompile>
    <ClCompile Include="..\..\Classes\Manager\Physic\PhysicMgr.cpp">
      <Filter>Classes\Manager\Physic</Filter>
    </ClCompile>
    <ClCompile Include="..\..\Classes\Manager\Render\GuiMgr.cpp">
      <Filter>Classes\Manager\Render</Filter>
    </ClCompile>
    <ClCompile Include="..\..\Classes\Manager\Render\RenderMgr.cpp">
      <Filter>Classes\Manager\Render</Filter>
    </ClCompile>
    <ClCompile Include="..\..\Classes\Manager\Sound\SoundMgr.cpp">
      <Filter>Classes\Manager\Sound</Filter>
    </ClCompile>
    <ClCompile Include="..\..\Classes\Manager\Time\TimeMgr.cpp">
      <Filter>Classes\Manager\Time</Filter>
    </ClCompile>
    <ClCompile Include="..\..\Classes\Resources\Resources.cpp">
      <Filter>Classes\Resources</Filter>
    </ClCompile>
    <ClCompile Include="..\..\Classes\Sound\MusicComponent.cpp">
      <Filter>Classes\Sound</Filter>
    </ClCompile>
    <ClCompile Include="..\..\Classes\Sound\MusicComponentPool.cpp">
      <Filter>Classes\Sound</Filter>
    </ClCompile>
    <ClCompile Include="..\..\Classes\Sound\SoundComponent.cpp">
      <Filter>Classes\Sound</Filter>
    </ClCompile>
    <ClCompile Include="..\..\Classes\Sound\SoundComponentPool.cpp">
      <Filter>Classes\Sound</Filter>
    </ClCompile>
    <ClCompile Include="..\..\Classes\Thread\LoadingThread.cpp">
      <Filter>Classes\Thread</Filter>
    </ClCompile>
    <ClCompile Include="..\..\Classes\Thread\SaveThread.cpp">
      <Filter>Classes\Thread</Filter>
    </ClCompile>
    <ClCompile Include="..\..\Classes\Thread\Thread.cpp">
      <Filter>Classes\Thread</Filter>
    </ClCompile>
    <ClCompile Include="..\..\Classes\Utils\ImGui\imgui-SFML.cpp">
      <Filter>Classes\Utils\ImGui</Filter>
    </ClCompile>
    <ClCompile Include="..\..\Classes\Utils\ImGui\imgui.cpp">
      <Filter>Classes\Utils\ImGui</Filter>
    </ClCompile>
    <ClCompile Include="..\..\Classes\Utils\ImGui\imgui_demo.cpp">
      <Filter>Classes\Utils\ImGui</Filter>
    </ClCompile>
    <ClCompile Include="..\..\Classes\Utils\ImGui\imgui_draw.cpp">
      <Filter>Classes\Utils\ImGui</Filter>
    </ClCompile>
    <ClCompile Include="..\..\Classes\Utils\Vector2.cpp">
      <Filter>Classes\Utils</Filter>
    </ClCompile>
    <ClCompile Include="main.cpp">
      <Filter>Project\VisualStudio2015</Filter>
    </ClCompile>
    <ClCompile Include="stdafx.cpp">
      <Filter>Project\VisualStudio2015</Filter>
    </ClCompile>
  </ItemGroup>
</Project>